
Microsoft Visual Studio Solution File, Format Version 11.00
# Visual Studio 2010
Project("{FAE04EC0-301F-11D3-BF4B-00C04F79EFBC}") = "Picanol_AR", "Assembly-CSharp.csproj", "{3ED35AD6-7442-49DA-0047-D1C3130ADE55}"
EndProject
Project("{FAE04EC0-301F-11D3-BF4B-00C04F79EFBC}") = "Picanol_AR", "Assembly-CSharp-Editor.csproj", "{6B150ED0-E560-B5BF-66F2-CA24E0E38F14}"
EndProject
Global
	GlobalSection(SolutionConfigurationPlatforms) = preSolution
		Debug|Any CPU = Debug|Any CPU
		Release|Any CPU = Release|Any CPU
	EndGlobalSection
	GlobalSection(ProjectConfigurationPlatforms) = postSolution
		{3ED35AD6-7442-49DA-0047-D1C3130ADE55}.Debug|Any CPU.ActiveCfg = Debug|Any CPU
		{3ED35AD6-7442-49DA-0047-D1C3130ADE55}.Debug|Any CPU.Build.0 = Debug|Any CPU
		{3ED35AD6-7442-49DA-0047-D1C3130ADE55}.Release|Any CPU.ActiveCfg = Release|Any CPU
		{3ED35AD6-7442-49DA-0047-D1C3130ADE55}.Release|Any CPU.Build.0 = Release|Any CPU
		{6B150ED0-E560-B5BF-66F2-CA24E0E38F14}.Debug|Any CPU.ActiveCfg = Debug|Any CPU
		{6B150ED0-E560-B5BF-66F2-CA24E0E38F14}.Debug|Any CPU.Build.0 = Debug|Any CPU
		{6B150ED0-E560-B5BF-66F2-CA24E0E38F14}.Release|Any CPU.ActiveCfg = Release|Any CPU
		{6B150ED0-E560-B5BF-66F2-CA24E0E38F14}.Release|Any CPU.Build.0 = Release|Any CPU
	EndGlobalSection
	GlobalSection(SolutionProperties) = preSolution
		HideSolutionNode = FALSE
	EndGlobalSection
	GlobalSection(MonoDevelopProperties) = preSolution
		StartupItem = Assembly-CSharp.csproj
	EndGlobalSection
EndGlobal
