Microsoft Visual Studio Solution File, Format Version 11.00
# Visual Studio 2008

Project("{9B9DF21A-1CAC-E482-33C1-AC6631D5E544}") = "VideoChat", "Assembly-CSharp.csproj", "{1A812CDA-CBD1-3EC7-5308-035C7132D896}"
EndProject
Project("{9B9DF21A-1CAC-E482-33C1-AC6631D5E544}") = "VideoChat", "Assembly-CSharp-Editor.csproj", "{1B74B1EB-5F1B-ADEA-FB4B-3DF275D3BDCB}"
EndProject
Global
	GlobalSection(SolutionConfigurationPlatforms) = preSolution
		Debug|Any CPU = Debug|Any CPU
		Release|Any CPU = Release|Any CPU
	EndGlobalSection
	GlobalSection(ProjectConfigurationPlatforms) = postSolution
		{1A812CDA-CBD1-3EC7-5308-035C7132D896}.Debug|Any CPU.ActiveCfg = Debug|Any CPU
		{1A812CDA-CBD1-3EC7-5308-035C7132D896}.Debug|Any CPU.Build.0 = Debug|Any CPU
		{1A812CDA-CBD1-3EC7-5308-035C7132D896}.Release|Any CPU.ActiveCfg = Release|Any CPU
		{1A812CDA-CBD1-3EC7-5308-035C7132D896}.Release|Any CPU.Build.0 = Release|Any CPU
		{1B74B1EB-5F1B-ADEA-FB4B-3DF275D3BDCB}.Debug|Any CPU.ActiveCfg = Debug|Any CPU
		{1B74B1EB-5F1B-ADEA-FB4B-3DF275D3BDCB}.Debug|Any CPU.Build.0 = Debug|Any CPU
		{1B74B1EB-5F1B-ADEA-FB4B-3DF275D3BDCB}.Release|Any CPU.ActiveCfg = Release|Any CPU
		{1B74B1EB-5F1B-ADEA-FB4B-3DF275D3BDCB}.Release|Any CPU.Build.0 = Release|Any CPU
	EndGlobalSection
	GlobalSection(SolutionProperties) = preSolution
		HideSolutionNode = FALSE
	EndGlobalSection
	GlobalSection(MonoDevelopProperties) = preSolution
		StartupItem = Assembly-CSharp.csproj
	EndGlobalSection
EndGlobal
